
Microsoft Visual Studio Solution File, Format Version 12.00
# Visual Studio Version 16
VisualStudioVersion = 16.0.29806.167
MinimumVisualStudioVersion = 15.0.26124.0
Project("{9A19103F-16F7-4668-BE54-9A1E7A4F7556}") = "Krafted.Data", "Krafted.Data\Krafted.Data.csproj", "{7EF09CD1-702B-4258-944D-934F9CC2EA60}"
EndProject
# Project("{9A19103F-16F7-4668-BE54-9A1E7A4F7556}") = "Krafted.IntegrationTest", "Krafted.IntegrationTest\Krafted.IntegrationTest.csproj", "{EB51D56F-81AD-4ED4-A42F-3FAEED1E75E9}"
# EndProject
Project("{9A19103F-16F7-4668-BE54-9A1E7A4F7556}") = "Krafted.Test.UnitTests", "Krafted.Test.UnitTests\Krafted.Test.UnitTests.csproj", "{8C5FCA0F-18B9-48DF-92DC-E5C733533FFC}"
EndProject
Project("{9A19103F-16F7-4668-BE54-9A1E7A4F7556}") = "Krafted", "Krafted\Krafted.csproj", "{C3528230-B535-4B83-AE8E-9410322EA480}"
EndProject
Project("{9A19103F-16F7-4668-BE54-9A1E7A4F7556}") = "Krafted.UnitTest", "Krafted.UnitTest\Krafted.UnitTest.csproj", "{D3F710AD-EA6A-4A4A-8999-1934DC894D42}"
EndProject
Project("{2150E333-8FDC-42A3-9474-1A3956D46DE8}") = "Tests", "Tests", "{D1288C5A-919C-48FF-AB74-9B4553BF480C}"
EndProject
Project("{9A19103F-16F7-4668-BE54-9A1E7A4F7556}") = "Krafted.Data.SqlServer", "Krafted.Data.SqlServer\Krafted.Data.SqlServer.csproj", "{5B912A0C-6C57-4B07-ADAA-B3F733EEA761}"
EndProject
Project("{9A19103F-16F7-4668-BE54-9A1E7A4F7556}") = "Krafted.Data.Oracle", "Krafted.Data.Oracle\Krafted.Data.Oracle.csproj", "{AD6933B3-DCF4-4233-A42C-15CA40D017E8}"
EndProject
Project("{9A19103F-16F7-4668-BE54-9A1E7A4F7556}") = "Krafted.DesignPatterns", "Krafted.DesignPatterns\Krafted.DesignPatterns.csproj", "{DC4BAFAD-1506-4833-800E-D6671A3A8453}"
EndProject
Project("{9A19103F-16F7-4668-BE54-9A1E7A4F7556}") = "Krafted.Net.Http", "Krafted.Net.Http\Krafted.Net.Http.csproj", "{76F99DAE-F6FF-4EC6-8BC2-7BFC3853426C}"
EndProject
Project("{9A19103F-16F7-4668-BE54-9A1E7A4F7556}") = "Krafted.Configuration", "Krafted.Configuration\Krafted.Configuration.csproj", "{06355482-524A-47E6-8CA6-70791B901BDD}"
EndProject
Project("{9A19103F-16F7-4668-BE54-9A1E7A4F7556}") = "Krafted.Test.IntegrationTests", "Krafted.Test.IntegrationTests\Krafted.Test.IntegrationTests.csproj", "{2CBEB9A6-146E-410D-92CE-527C6452822A}"
EndProject
Project("{FAE04EC0-301F-11D3-BF4B-00C04F79EFBC}") = "Krafted.ValueObjects", "Krafted.ValueObjects\Krafted.ValueObjects.csproj", "{439F00F6-4261-42BA-A4E0-D0E2C8B931D5}"
EndProject
Project("{FAE04EC0-301F-11D3-BF4B-00C04F79EFBC}") = "Krafted.Test", "Krafted.Test\Krafted.Test.csproj", "{6F883366-21EB-43DF-B8FE-798BD47A190B}"
EndProject
Global
	GlobalSection(SolutionConfigurationPlatforms) = preSolution
		Debug|Any CPU = Debug|Any CPU
		Debug|x64 = Debug|x64
		Debug|x86 = Debug|x86
		Release|Any CPU = Release|Any CPU
		Release|x64 = Release|x64
		Release|x86 = Release|x86
	EndGlobalSection
	GlobalSection(ProjectConfigurationPlatforms) = postSolution
		{7EF09CD1-702B-4258-944D-934F9CC2EA60}.Debug|Any CPU.ActiveCfg = Debug|Any CPU
		{7EF09CD1-702B-4258-944D-934F9CC2EA60}.Debug|Any CPU.Build.0 = Debug|Any CPU
		{7EF09CD1-702B-4258-944D-934F9CC2EA60}.Debug|x64.ActiveCfg = Debug|Any CPU
		{7EF09CD1-702B-4258-944D-934F9CC2EA60}.Debug|x64.Build.0 = Debug|Any CPU
		{7EF09CD1-702B-4258-944D-934F9CC2EA60}.Debug|x86.ActiveCfg = Debug|Any CPU
		{7EF09CD1-702B-4258-944D-934F9CC2EA60}.Debug|x86.Build.0 = Debug|Any CPU
		{7EF09CD1-702B-4258-944D-934F9CC2EA60}.Release|Any CPU.ActiveCfg = Release|Any CPU
		{7EF09CD1-702B-4258-944D-934F9CC2EA60}.Release|Any CPU.Build.0 = Release|Any CPU
		{7EF09CD1-702B-4258-944D-934F9CC2EA60}.Release|x64.ActiveCfg = Release|Any CPU
		{7EF09CD1-702B-4258-944D-934F9CC2EA60}.Release|x64.Build.0 = Release|Any CPU
		{7EF09CD1-702B-4258-944D-934F9CC2EA60}.Release|x86.ActiveCfg = Release|Any CPU
		{7EF09CD1-702B-4258-944D-934F9CC2EA60}.Release|x86.Build.0 = Release|Any CPU
		{EB51D56F-81AD-4ED4-A42F-3FAEED1E75E9}.Debug|Any CPU.ActiveCfg = Debug|Any CPU
		{EB51D56F-81AD-4ED4-A42F-3FAEED1E75E9}.Debug|Any CPU.Build.0 = Debug|Any CPU
		{EB51D56F-81AD-4ED4-A42F-3FAEED1E75E9}.Debug|x64.ActiveCfg = Debug|Any CPU
		{EB51D56F-81AD-4ED4-A42F-3FAEED1E75E9}.Debug|x64.Build.0 = Debug|Any CPU
		{EB51D56F-81AD-4ED4-A42F-3FAEED1E75E9}.Debug|x86.ActiveCfg = Debug|Any CPU
		{EB51D56F-81AD-4ED4-A42F-3FAEED1E75E9}.Debug|x86.Build.0 = Debug|Any CPU
		{EB51D56F-81AD-4ED4-A42F-3FAEED1E75E9}.Release|Any CPU.ActiveCfg = Release|Any CPU
		{EB51D56F-81AD-4ED4-A42F-3FAEED1E75E9}.Release|Any CPU.Build.0 = Release|Any CPU
		{EB51D56F-81AD-4ED4-A42F-3FAEED1E75E9}.Release|x64.ActiveCfg = Release|Any CPU
		{EB51D56F-81AD-4ED4-A42F-3FAEED1E75E9}.Release|x64.Build.0 = Release|Any CPU
		{EB51D56F-81AD-4ED4-A42F-3FAEED1E75E9}.Release|x86.ActiveCfg = Release|Any CPU
		{EB51D56F-81AD-4ED4-A42F-3FAEED1E75E9}.Release|x86.Build.0 = Release|Any CPU
		{8C5FCA0F-18B9-48DF-92DC-E5C733533FFC}.Debug|Any CPU.ActiveCfg = Debug|Any CPU
		{8C5FCA0F-18B9-48DF-92DC-E5C733533FFC}.Debug|Any CPU.Build.0 = Debug|Any CPU
		{8C5FCA0F-18B9-48DF-92DC-E5C733533FFC}.Debug|x64.ActiveCfg = Debug|Any CPU
		{8C5FCA0F-18B9-48DF-92DC-E5C733533FFC}.Debug|x64.Build.0 = Debug|Any CPU
		{8C5FCA0F-18B9-48DF-92DC-E5C733533FFC}.Debug|x86.ActiveCfg = Debug|Any CPU
		{8C5FCA0F-18B9-48DF-92DC-E5C733533FFC}.Debug|x86.Build.0 = Debug|Any CPU
		{8C5FCA0F-18B9-48DF-92DC-E5C733533FFC}.Release|Any CPU.ActiveCfg = Release|Any CPU
		{8C5FCA0F-18B9-48DF-92DC-E5C733533FFC}.Release|Any CPU.Build.0 = Release|Any CPU
		{8C5FCA0F-18B9-48DF-92DC-E5C733533FFC}.Release|x64.ActiveCfg = Release|Any CPU
		{8C5FCA0F-18B9-48DF-92DC-E5C733533FFC}.Release|x64.Build.0 = Release|Any CPU
		{8C5FCA0F-18B9-48DF-92DC-E5C733533FFC}.Release|x86.ActiveCfg = Release|Any CPU
		{8C5FCA0F-18B9-48DF-92DC-E5C733533FFC}.Release|x86.Build.0 = Release|Any CPU
		{C3528230-B535-4B83-AE8E-9410322EA480}.Debug|Any CPU.ActiveCfg = Debug|Any CPU
		{C3528230-B535-4B83-AE8E-9410322EA480}.Debug|Any CPU.Build.0 = Debug|Any CPU
		{C3528230-B535-4B83-AE8E-9410322EA480}.Debug|x64.ActiveCfg = Debug|Any CPU
		{C3528230-B535-4B83-AE8E-9410322EA480}.Debug|x64.Build.0 = Debug|Any CPU
		{C3528230-B535-4B83-AE8E-9410322EA480}.Debug|x86.ActiveCfg = Debug|Any CPU
		{C3528230-B535-4B83-AE8E-9410322EA480}.Debug|x86.Build.0 = Debug|Any CPU
		{C3528230-B535-4B83-AE8E-9410322EA480}.Release|Any CPU.ActiveCfg = Release|Any CPU
		{C3528230-B535-4B83-AE8E-9410322EA480}.Release|Any CPU.Build.0 = Release|Any CPU
		{C3528230-B535-4B83-AE8E-9410322EA480}.Release|x64.ActiveCfg = Release|Any CPU
		{C3528230-B535-4B83-AE8E-9410322EA480}.Release|x64.Build.0 = Release|Any CPU
		{C3528230-B535-4B83-AE8E-9410322EA480}.Release|x86.ActiveCfg = Release|Any CPU
		{C3528230-B535-4B83-AE8E-9410322EA480}.Release|x86.Build.0 = Release|Any CPU
		{D3F710AD-EA6A-4A4A-8999-1934DC894D42}.Debug|Any CPU.ActiveCfg = Debug|Any CPU
		{D3F710AD-EA6A-4A4A-8999-1934DC894D42}.Debug|Any CPU.Build.0 = Debug|Any CPU
		{D3F710AD-EA6A-4A4A-8999-1934DC894D42}.Debug|x64.ActiveCfg = Debug|Any CPU
		{D3F710AD-EA6A-4A4A-8999-1934DC894D42}.Debug|x64.Build.0 = Debug|Any CPU
		{D3F710AD-EA6A-4A4A-8999-1934DC894D42}.Debug|x86.ActiveCfg = Debug|Any CPU
		{D3F710AD-EA6A-4A4A-8999-1934DC894D42}.Debug|x86.Build.0 = Debug|Any CPU
		{D3F710AD-EA6A-4A4A-8999-1934DC894D42}.Release|Any CPU.ActiveCfg = Release|Any CPU
		{D3F710AD-EA6A-4A4A-8999-1934DC894D42}.Release|Any CPU.Build.0 = Release|Any CPU
		{D3F710AD-EA6A-4A4A-8999-1934DC894D42}.Release|x64.ActiveCfg = Release|Any CPU
		{D3F710AD-EA6A-4A4A-8999-1934DC894D42}.Release|x64.Build.0 = Release|Any CPU
		{D3F710AD-EA6A-4A4A-8999-1934DC894D42}.Release|x86.ActiveCfg = Release|Any CPU
		{D3F710AD-EA6A-4A4A-8999-1934DC894D42}.Release|x86.Build.0 = Release|Any CPU
		{5B912A0C-6C57-4B07-ADAA-B3F733EEA761}.Debug|Any CPU.ActiveCfg = Debug|Any CPU
		{5B912A0C-6C57-4B07-ADAA-B3F733EEA761}.Debug|Any CPU.Build.0 = Debug|Any CPU
		{5B912A0C-6C57-4B07-ADAA-B3F733EEA761}.Debug|x64.ActiveCfg = Debug|Any CPU
		{5B912A0C-6C57-4B07-ADAA-B3F733EEA761}.Debug|x64.Build.0 = Debug|Any CPU
		{5B912A0C-6C57-4B07-ADAA-B3F733EEA761}.Debug|x86.ActiveCfg = Debug|Any CPU
		{5B912A0C-6C57-4B07-ADAA-B3F733EEA761}.Debug|x86.Build.0 = Debug|Any CPU
		{5B912A0C-6C57-4B07-ADAA-B3F733EEA761}.Release|Any CPU.ActiveCfg = Release|Any CPU
		{5B912A0C-6C57-4B07-ADAA-B3F733EEA761}.Release|Any CPU.Build.0 = Release|Any CPU
		{5B912A0C-6C57-4B07-ADAA-B3F733EEA761}.Release|x64.ActiveCfg = Release|Any CPU
		{5B912A0C-6C57-4B07-ADAA-B3F733EEA761}.Release|x64.Build.0 = Release|Any CPU
		{5B912A0C-6C57-4B07-ADAA-B3F733EEA761}.Release|x86.ActiveCfg = Release|Any CPU
		{5B912A0C-6C57-4B07-ADAA-B3F733EEA761}.Release|x86.Build.0 = Release|Any CPU
		{AD6933B3-DCF4-4233-A42C-15CA40D017E8}.Debug|Any CPU.ActiveCfg = Debug|Any CPU
		{AD6933B3-DCF4-4233-A42C-15CA40D017E8}.Debug|Any CPU.Build.0 = Debug|Any CPU
		{AD6933B3-DCF4-4233-A42C-15CA40D017E8}.Debug|x64.ActiveCfg = Debug|Any CPU
		{AD6933B3-DCF4-4233-A42C-15CA40D017E8}.Debug|x64.Build.0 = Debug|Any CPU
		{AD6933B3-DCF4-4233-A42C-15CA40D017E8}.Debug|x86.ActiveCfg = Debug|Any CPU
		{AD6933B3-DCF4-4233-A42C-15CA40D017E8}.Debug|x86.Build.0 = Debug|Any CPU
		{AD6933B3-DCF4-4233-A42C-15CA40D017E8}.Release|Any CPU.ActiveCfg = Release|Any CPU
		{AD6933B3-DCF4-4233-A42C-15CA40D017E8}.Release|Any CPU.Build.0 = Release|Any CPU
		{AD6933B3-DCF4-4233-A42C-15CA40D017E8}.Release|x64.ActiveCfg = Release|Any CPU
		{AD6933B3-DCF4-4233-A42C-15CA40D017E8}.Release|x64.Build.0 = Release|Any CPU
		{AD6933B3-DCF4-4233-A42C-15CA40D017E8}.Release|x86.ActiveCfg = Release|Any CPU
		{AD6933B3-DCF4-4233-A42C-15CA40D017E8}.Release|x86.Build.0 = Release|Any CPU
		{DC4BAFAD-1506-4833-800E-D6671A3A8453}.Debug|Any CPU.ActiveCfg = Debug|Any CPU
		{DC4BAFAD-1506-4833-800E-D6671A3A8453}.Debug|Any CPU.Build.0 = Debug|Any CPU
		{DC4BAFAD-1506-4833-800E-D6671A3A8453}.Debug|x64.ActiveCfg = Debug|Any CPU
		{DC4BAFAD-1506-4833-800E-D6671A3A8453}.Debug|x64.Build.0 = Debug|Any CPU
		{DC4BAFAD-1506-4833-800E-D6671A3A8453}.Debug|x86.ActiveCfg = Debug|Any CPU
		{DC4BAFAD-1506-4833-800E-D6671A3A8453}.Debug|x86.Build.0 = Debug|Any CPU
		{DC4BAFAD-1506-4833-800E-D6671A3A8453}.Release|Any CPU.ActiveCfg = Release|Any CPU
		{DC4BAFAD-1506-4833-800E-D6671A3A8453}.Release|Any CPU.Build.0 = Release|Any CPU
		{DC4BAFAD-1506-4833-800E-D6671A3A8453}.Release|x64.ActiveCfg = Release|Any CPU
		{DC4BAFAD-1506-4833-800E-D6671A3A8453}.Release|x64.Build.0 = Release|Any CPU
		{DC4BAFAD-1506-4833-800E-D6671A3A8453}.Release|x86.ActiveCfg = Release|Any CPU
		{DC4BAFAD-1506-4833-800E-D6671A3A8453}.Release|x86.Build.0 = Release|Any CPU
		{76F99DAE-F6FF-4EC6-8BC2-7BFC3853426C}.Debug|Any CPU.ActiveCfg = Debug|Any CPU
		{76F99DAE-F6FF-4EC6-8BC2-7BFC3853426C}.Debug|Any CPU.Build.0 = Debug|Any CPU
		{76F99DAE-F6FF-4EC6-8BC2-7BFC3853426C}.Debug|x64.ActiveCfg = Debug|Any CPU
		{76F99DAE-F6FF-4EC6-8BC2-7BFC3853426C}.Debug|x64.Build.0 = Debug|Any CPU
		{76F99DAE-F6FF-4EC6-8BC2-7BFC3853426C}.Debug|x86.ActiveCfg = Debug|Any CPU
		{76F99DAE-F6FF-4EC6-8BC2-7BFC3853426C}.Debug|x86.Build.0 = Debug|Any CPU
		{76F99DAE-F6FF-4EC6-8BC2-7BFC3853426C}.Release|Any CPU.ActiveCfg = Release|Any CPU
		{76F99DAE-F6FF-4EC6-8BC2-7BFC3853426C}.Release|Any CPU.Build.0 = Release|Any CPU
		{76F99DAE-F6FF-4EC6-8BC2-7BFC3853426C}.Release|x64.ActiveCfg = Release|Any CPU
		{76F99DAE-F6FF-4EC6-8BC2-7BFC3853426C}.Release|x64.Build.0 = Release|Any CPU
		{76F99DAE-F6FF-4EC6-8BC2-7BFC3853426C}.Release|x86.ActiveCfg = Release|Any CPU
		{76F99DAE-F6FF-4EC6-8BC2-7BFC3853426C}.Release|x86.Build.0 = Release|Any CPU
		{06355482-524A-47E6-8CA6-70791B901BDD}.Debug|Any CPU.ActiveCfg = Debug|Any CPU
		{06355482-524A-47E6-8CA6-70791B901BDD}.Debug|Any CPU.Build.0 = Debug|Any CPU
		{06355482-524A-47E6-8CA6-70791B901BDD}.Debug|x64.ActiveCfg = Debug|Any CPU
		{06355482-524A-47E6-8CA6-70791B901BDD}.Debug|x64.Build.0 = Debug|Any CPU
		{06355482-524A-47E6-8CA6-70791B901BDD}.Debug|x86.ActiveCfg = Debug|Any CPU
		{06355482-524A-47E6-8CA6-70791B901BDD}.Debug|x86.Build.0 = Debug|Any CPU
		{06355482-524A-47E6-8CA6-70791B901BDD}.Release|Any CPU.ActiveCfg = Release|Any CPU
		{06355482-524A-47E6-8CA6-70791B901BDD}.Release|Any CPU.Build.0 = Release|Any CPU
		{06355482-524A-47E6-8CA6-70791B901BDD}.Release|x64.ActiveCfg = Release|Any CPU
		{06355482-524A-47E6-8CA6-70791B901BDD}.Release|x64.Build.0 = Release|Any CPU
		{06355482-524A-47E6-8CA6-70791B901BDD}.Release|x86.ActiveCfg = Release|Any CPU
		{06355482-524A-47E6-8CA6-70791B901BDD}.Release|x86.Build.0 = Release|Any CPU
		{2CBEB9A6-146E-410D-92CE-527C6452822A}.Debug|Any CPU.ActiveCfg = Debug|Any CPU
		{2CBEB9A6-146E-410D-92CE-527C6452822A}.Debug|Any CPU.Build.0 = Debug|Any CPU
		{2CBEB9A6-146E-410D-92CE-527C6452822A}.Debug|x64.ActiveCfg = Debug|Any CPU
		{2CBEB9A6-146E-410D-92CE-527C6452822A}.Debug|x64.Build.0 = Debug|Any CPU
		{2CBEB9A6-146E-410D-92CE-527C6452822A}.Debug|x86.ActiveCfg = Debug|Any CPU
		{2CBEB9A6-146E-410D-92CE-527C6452822A}.Debug|x86.Build.0 = Debug|Any CPU
		{2CBEB9A6-146E-410D-92CE-527C6452822A}.Release|Any CPU.ActiveCfg = Release|Any CPU
		{2CBEB9A6-146E-410D-92CE-527C6452822A}.Release|Any CPU.Build.0 = Release|Any CPU
		{2CBEB9A6-146E-410D-92CE-527C6452822A}.Release|x64.ActiveCfg = Release|Any CPU
		{2CBEB9A6-146E-410D-92CE-527C6452822A}.Release|x64.Build.0 = Release|Any CPU
		{2CBEB9A6-146E-410D-92CE-527C6452822A}.Release|x86.ActiveCfg = Release|Any CPU
		{2CBEB9A6-146E-410D-92CE-527C6452822A}.Release|x86.Build.0 = Release|Any CPU
		{439F00F6-4261-42BA-A4E0-D0E2C8B931D5}.Debug|Any CPU.ActiveCfg = Debug|Any CPU
		{439F00F6-4261-42BA-A4E0-D0E2C8B931D5}.Debug|Any CPU.Build.0 = Debug|Any CPU
		{439F00F6-4261-42BA-A4E0-D0E2C8B931D5}.Debug|x64.ActiveCfg = Debug|Any CPU
		{439F00F6-4261-42BA-A4E0-D0E2C8B931D5}.Debug|x64.Build.0 = Debug|Any CPU
		{439F00F6-4261-42BA-A4E0-D0E2C8B931D5}.Debug|x86.ActiveCfg = Debug|Any CPU
		{439F00F6-4261-42BA-A4E0-D0E2C8B931D5}.Debug|x86.Build.0 = Debug|Any CPU
		{439F00F6-4261-42BA-A4E0-D0E2C8B931D5}.Release|Any CPU.ActiveCfg = Release|Any CPU
		{439F00F6-4261-42BA-A4E0-D0E2C8B931D5}.Release|Any CPU.Build.0 = Release|Any CPU
		{439F00F6-4261-42BA-A4E0-D0E2C8B931D5}.Release|x64.ActiveCfg = Release|Any CPU
		{439F00F6-4261-42BA-A4E0-D0E2C8B931D5}.Release|x64.Build.0 = Release|Any CPU
		{439F00F6-4261-42BA-A4E0-D0E2C8B931D5}.Release|x86.ActiveCfg = Release|Any CPU
		{439F00F6-4261-42BA-A4E0-D0E2C8B931D5}.Release|x86.Build.0 = Release|Any CPU
		{6F883366-21EB-43DF-B8FE-798BD47A190B}.Debug|Any CPU.ActiveCfg = Debug|Any CPU
		{6F883366-21EB-43DF-B8FE-798BD47A190B}.Debug|Any CPU.Build.0 = Debug|Any CPU
		{6F883366-21EB-43DF-B8FE-798BD47A190B}.Debug|x64.ActiveCfg = Debug|Any CPU
		{6F883366-21EB-43DF-B8FE-798BD47A190B}.Debug|x64.Build.0 = Debug|Any CPU
		{6F883366-21EB-43DF-B8FE-798BD47A190B}.Debug|x86.ActiveCfg = Debug|Any CPU
		{6F883366-21EB-43DF-B8FE-798BD47A190B}.Debug|x86.Build.0 = Debug|Any CPU
		{6F883366-21EB-43DF-B8FE-798BD47A190B}.Release|Any CPU.ActiveCfg = Release|Any CPU
		{6F883366-21EB-43DF-B8FE-798BD47A190B}.Release|Any CPU.Build.0 = Release|Any CPU
		{6F883366-21EB-43DF-B8FE-798BD47A190B}.Release|x64.ActiveCfg = Release|Any CPU
		{6F883366-21EB-43DF-B8FE-798BD47A190B}.Release|x64.Build.0 = Release|Any CPU
		{6F883366-21EB-43DF-B8FE-798BD47A190B}.Release|x86.ActiveCfg = Release|Any CPU
		{6F883366-21EB-43DF-B8FE-798BD47A190B}.Release|x86.Build.0 = Release|Any CPU
	EndGlobalSection
	GlobalSection(SolutionProperties) = preSolution
		HideSolutionNode = FALSE
	EndGlobalSection
	GlobalSection(NestedProjects) = preSolution
		{EB51D56F-81AD-4ED4-A42F-3FAEED1E75E9} = {D1288C5A-919C-48FF-AB74-9B4553BF480C}
		{D3F710AD-EA6A-4A4A-8999-1934DC894D42} = {D1288C5A-919C-48FF-AB74-9B4553BF480C}
	EndGlobalSection
	GlobalSection(ExtensibilityGlobals) = postSolution
		SolutionGuid = {246DCB1F-8C1F-4092-94C9-54439BAAE771}
	EndGlobalSection
EndGlobal
