
Microsoft Visual Studio Solution File, Format Version 12.00
# Visual Studio Version 16
VisualStudioVersion = 16.0.29806.167
MinimumVisualStudioVersion = 15.0.26124.0
Project("{9A19103F-16F7-4668-BE54-9A1E7A4F7556}") = "Krafted.UnitTests", "Krafted.UnitTests\Krafted.UnitTests.csproj", "{8C5FCA0F-18B9-48DF-92DC-E5C733533FFC}"
EndProject
Project("{9A19103F-16F7-4668-BE54-9A1E7A4F7556}") = "Krafted", "Krafted\Krafted.csproj", "{C3528230-B535-4B83-AE8E-9410322EA480}"
EndProject
Project("{9A19103F-16F7-4668-BE54-9A1E7A4F7556}") = "Krafted.UnitTest", "Krafted.UnitTest\Krafted.UnitTest.csproj", "{D3F710AD-EA6A-4A4A-8999-1934DC894D42}"
EndProject
Project("{2150E333-8FDC-42A3-9474-1A3956D46DE8}") = "Tests", "Tests", "{D1288C5A-919C-48FF-AB74-9B4553BF480C}"
EndProject
Project("{9A19103F-16F7-4668-BE54-9A1E7A4F7556}") = "Krafted.DesignPatterns", "Krafted.DesignPatterns\Krafted.DesignPatterns.csproj", "{DC4BAFAD-1506-4833-800E-D6671A3A8453}"
EndProject
Project("{9A19103F-16F7-4668-BE54-9A1E7A4F7556}") = "Krafted.Configuration", "Krafted.Configuration\Krafted.Configuration.csproj", "{06355482-524A-47E6-8CA6-70791B901BDD}"
EndProject
Project("{9A19103F-16F7-4668-BE54-9A1E7A4F7556}") = "Krafted.IntegrationTest", "Krafted.IntegrationTest\Krafted.IntegrationTest.csproj", "{C31E81A5-59B5-4F43-A714-9FEC1294CF78}"
EndProject
Project("{9A19103F-16F7-4668-BE54-9A1E7A4F7556}") = "Krafted.Net", "Krafted.Net\Krafted.Net.csproj", "{155BB794-730A-44C8-96DB-1DA5C7C75876}"
EndProject
Project("{9A19103F-16F7-4668-BE54-9A1E7A4F7556}") = "Krafted.ValueObjects", "Krafted.ValueObjects\Krafted.ValueObjects.csproj", "{4370F87A-DE90-4550-AD68-802DA71E0BE0}"
EndProject
Project("{FAE04EC0-301F-11D3-BF4B-00C04F79EFBC}") = "Krafted.Analyzers", "Krafted.Analyzers\Krafted.Analyzers\Krafted.Analyzers.csproj", "{971FAD40-1591-4568-A3CE-759020A4D59A}"
EndProject
Project("{FAE04EC0-301F-11D3-BF4B-00C04F79EFBC}") = "Krafted.Analyzers.CodeFixes", "Krafted.Analyzers\Krafted.Analyzers.CodeFixes\Krafted.Analyzers.CodeFixes.csproj", "{1A22602D-B185-4FC5-A3D9-AAB7CD989CFB}"
EndProject
Project("{FAE04EC0-301F-11D3-BF4B-00C04F79EFBC}") = "Krafted.Analyzers.Package", "Krafted.Analyzers\Krafted.Analyzers.Package\Krafted.Analyzers.Package.csproj", "{8D21AEBE-8CEF-419C-9D71-15C1E9432789}"
EndProject
Project("{FAE04EC0-301F-11D3-BF4B-00C04F79EFBC}") = "Krafted.Analyzers.Test", "Krafted.Analyzers\Krafted.Analyzers.Test\Krafted.Analyzers.Test.csproj", "{4958D25A-0B5B-4005-9C10-B77E6CE59B2E}"
EndProject
Project("{FAE04EC0-301F-11D3-BF4B-00C04F79EFBC}") = "Krafted.Analyzers.Vsix", "Krafted.Analyzers\Krafted.Analyzers.Vsix\Krafted.Analyzers.Vsix.csproj", "{C50C28DE-5CE6-402A-B6EA-BBE083FAE105}"
EndProject
Project("{2150E333-8FDC-42A3-9474-1A3956D46DE8}") = "Analyzers", "Analyzers", "{6932D105-BBE9-42CD-B028-6BB29FA7A90A}"
EndProject
Global
	GlobalSection(SolutionConfigurationPlatforms) = preSolution
		Debug|Any CPU = Debug|Any CPU
		Debug|x64 = Debug|x64
		Debug|x86 = Debug|x86
		Release|Any CPU = Release|Any CPU
		Release|x64 = Release|x64
		Release|x86 = Release|x86
	EndGlobalSection
	GlobalSection(ProjectConfigurationPlatforms) = postSolution
		{8C5FCA0F-18B9-48DF-92DC-E5C733533FFC}.Debug|Any CPU.ActiveCfg = Debug|Any CPU
		{8C5FCA0F-18B9-48DF-92DC-E5C733533FFC}.Debug|Any CPU.Build.0 = Debug|Any CPU
		{8C5FCA0F-18B9-48DF-92DC-E5C733533FFC}.Debug|x64.ActiveCfg = Debug|Any CPU
		{8C5FCA0F-18B9-48DF-92DC-E5C733533FFC}.Debug|x64.Build.0 = Debug|Any CPU
		{8C5FCA0F-18B9-48DF-92DC-E5C733533FFC}.Debug|x86.ActiveCfg = Debug|Any CPU
		{8C5FCA0F-18B9-48DF-92DC-E5C733533FFC}.Debug|x86.Build.0 = Debug|Any CPU
		{8C5FCA0F-18B9-48DF-92DC-E5C733533FFC}.Release|Any CPU.ActiveCfg = Release|Any CPU
		{8C5FCA0F-18B9-48DF-92DC-E5C733533FFC}.Release|Any CPU.Build.0 = Release|Any CPU
		{8C5FCA0F-18B9-48DF-92DC-E5C733533FFC}.Release|x64.ActiveCfg = Release|Any CPU
		{8C5FCA0F-18B9-48DF-92DC-E5C733533FFC}.Release|x64.Build.0 = Release|Any CPU
		{8C5FCA0F-18B9-48DF-92DC-E5C733533FFC}.Release|x86.ActiveCfg = Release|Any CPU
		{8C5FCA0F-18B9-48DF-92DC-E5C733533FFC}.Release|x86.Build.0 = Release|Any CPU
		{C3528230-B535-4B83-AE8E-9410322EA480}.Debug|Any CPU.ActiveCfg = Debug|Any CPU
		{C3528230-B535-4B83-AE8E-9410322EA480}.Debug|Any CPU.Build.0 = Debug|Any CPU
		{C3528230-B535-4B83-AE8E-9410322EA480}.Debug|x64.ActiveCfg = Debug|Any CPU
		{C3528230-B535-4B83-AE8E-9410322EA480}.Debug|x64.Build.0 = Debug|Any CPU
		{C3528230-B535-4B83-AE8E-9410322EA480}.Debug|x86.ActiveCfg = Debug|Any CPU
		{C3528230-B535-4B83-AE8E-9410322EA480}.Debug|x86.Build.0 = Debug|Any CPU
		{C3528230-B535-4B83-AE8E-9410322EA480}.Release|Any CPU.ActiveCfg = Release|Any CPU
		{C3528230-B535-4B83-AE8E-9410322EA480}.Release|Any CPU.Build.0 = Release|Any CPU
		{C3528230-B535-4B83-AE8E-9410322EA480}.Release|x64.ActiveCfg = Release|Any CPU
		{C3528230-B535-4B83-AE8E-9410322EA480}.Release|x64.Build.0 = Release|Any CPU
		{C3528230-B535-4B83-AE8E-9410322EA480}.Release|x86.ActiveCfg = Release|Any CPU
		{C3528230-B535-4B83-AE8E-9410322EA480}.Release|x86.Build.0 = Release|Any CPU
		{D3F710AD-EA6A-4A4A-8999-1934DC894D42}.Debug|Any CPU.ActiveCfg = Debug|Any CPU
		{D3F710AD-EA6A-4A4A-8999-1934DC894D42}.Debug|Any CPU.Build.0 = Debug|Any CPU
		{D3F710AD-EA6A-4A4A-8999-1934DC894D42}.Debug|x64.ActiveCfg = Debug|Any CPU
		{D3F710AD-EA6A-4A4A-8999-1934DC894D42}.Debug|x64.Build.0 = Debug|Any CPU
		{D3F710AD-EA6A-4A4A-8999-1934DC894D42}.Debug|x86.ActiveCfg = Debug|Any CPU
		{D3F710AD-EA6A-4A4A-8999-1934DC894D42}.Debug|x86.Build.0 = Debug|Any CPU
		{D3F710AD-EA6A-4A4A-8999-1934DC894D42}.Release|Any CPU.ActiveCfg = Release|Any CPU
		{D3F710AD-EA6A-4A4A-8999-1934DC894D42}.Release|Any CPU.Build.0 = Release|Any CPU
		{D3F710AD-EA6A-4A4A-8999-1934DC894D42}.Release|x64.ActiveCfg = Release|Any CPU
		{D3F710AD-EA6A-4A4A-8999-1934DC894D42}.Release|x64.Build.0 = Release|Any CPU
		{D3F710AD-EA6A-4A4A-8999-1934DC894D42}.Release|x86.ActiveCfg = Release|Any CPU
		{D3F710AD-EA6A-4A4A-8999-1934DC894D42}.Release|x86.Build.0 = Release|Any CPU
		{DC4BAFAD-1506-4833-800E-D6671A3A8453}.Debug|Any CPU.ActiveCfg = Debug|Any CPU
		{DC4BAFAD-1506-4833-800E-D6671A3A8453}.Debug|Any CPU.Build.0 = Debug|Any CPU
		{DC4BAFAD-1506-4833-800E-D6671A3A8453}.Debug|x64.ActiveCfg = Debug|Any CPU
		{DC4BAFAD-1506-4833-800E-D6671A3A8453}.Debug|x64.Build.0 = Debug|Any CPU
		{DC4BAFAD-1506-4833-800E-D6671A3A8453}.Debug|x86.ActiveCfg = Debug|Any CPU
		{DC4BAFAD-1506-4833-800E-D6671A3A8453}.Debug|x86.Build.0 = Debug|Any CPU
		{DC4BAFAD-1506-4833-800E-D6671A3A8453}.Release|Any CPU.ActiveCfg = Release|Any CPU
		{DC4BAFAD-1506-4833-800E-D6671A3A8453}.Release|Any CPU.Build.0 = Release|Any CPU
		{DC4BAFAD-1506-4833-800E-D6671A3A8453}.Release|x64.ActiveCfg = Release|Any CPU
		{DC4BAFAD-1506-4833-800E-D6671A3A8453}.Release|x64.Build.0 = Release|Any CPU
		{DC4BAFAD-1506-4833-800E-D6671A3A8453}.Release|x86.ActiveCfg = Release|Any CPU
		{DC4BAFAD-1506-4833-800E-D6671A3A8453}.Release|x86.Build.0 = Release|Any CPU
		{06355482-524A-47E6-8CA6-70791B901BDD}.Debug|Any CPU.ActiveCfg = Debug|Any CPU
		{06355482-524A-47E6-8CA6-70791B901BDD}.Debug|Any CPU.Build.0 = Debug|Any CPU
		{06355482-524A-47E6-8CA6-70791B901BDD}.Debug|x64.ActiveCfg = Debug|Any CPU
		{06355482-524A-47E6-8CA6-70791B901BDD}.Debug|x64.Build.0 = Debug|Any CPU
		{06355482-524A-47E6-8CA6-70791B901BDD}.Debug|x86.ActiveCfg = Debug|Any CPU
		{06355482-524A-47E6-8CA6-70791B901BDD}.Debug|x86.Build.0 = Debug|Any CPU
		{06355482-524A-47E6-8CA6-70791B901BDD}.Release|Any CPU.ActiveCfg = Release|Any CPU
		{06355482-524A-47E6-8CA6-70791B901BDD}.Release|Any CPU.Build.0 = Release|Any CPU
		{06355482-524A-47E6-8CA6-70791B901BDD}.Release|x64.ActiveCfg = Release|Any CPU
		{06355482-524A-47E6-8CA6-70791B901BDD}.Release|x64.Build.0 = Release|Any CPU
		{06355482-524A-47E6-8CA6-70791B901BDD}.Release|x86.ActiveCfg = Release|Any CPU
		{06355482-524A-47E6-8CA6-70791B901BDD}.Release|x86.Build.0 = Release|Any CPU
		{C31E81A5-59B5-4F43-A714-9FEC1294CF78}.Debug|Any CPU.ActiveCfg = Debug|Any CPU
		{C31E81A5-59B5-4F43-A714-9FEC1294CF78}.Debug|Any CPU.Build.0 = Debug|Any CPU
		{C31E81A5-59B5-4F43-A714-9FEC1294CF78}.Debug|x64.ActiveCfg = Debug|Any CPU
		{C31E81A5-59B5-4F43-A714-9FEC1294CF78}.Debug|x64.Build.0 = Debug|Any CPU
		{C31E81A5-59B5-4F43-A714-9FEC1294CF78}.Debug|x86.ActiveCfg = Debug|Any CPU
		{C31E81A5-59B5-4F43-A714-9FEC1294CF78}.Debug|x86.Build.0 = Debug|Any CPU
		{C31E81A5-59B5-4F43-A714-9FEC1294CF78}.Release|Any CPU.ActiveCfg = Release|Any CPU
		{C31E81A5-59B5-4F43-A714-9FEC1294CF78}.Release|Any CPU.Build.0 = Release|Any CPU
		{C31E81A5-59B5-4F43-A714-9FEC1294CF78}.Release|x64.ActiveCfg = Release|Any CPU
		{C31E81A5-59B5-4F43-A714-9FEC1294CF78}.Release|x64.Build.0 = Release|Any CPU
		{C31E81A5-59B5-4F43-A714-9FEC1294CF78}.Release|x86.ActiveCfg = Release|Any CPU
		{C31E81A5-59B5-4F43-A714-9FEC1294CF78}.Release|x86.Build.0 = Release|Any CPU
		{155BB794-730A-44C8-96DB-1DA5C7C75876}.Debug|Any CPU.ActiveCfg = Debug|Any CPU
		{155BB794-730A-44C8-96DB-1DA5C7C75876}.Debug|Any CPU.Build.0 = Debug|Any CPU
		{155BB794-730A-44C8-96DB-1DA5C7C75876}.Debug|x64.ActiveCfg = Debug|Any CPU
		{155BB794-730A-44C8-96DB-1DA5C7C75876}.Debug|x64.Build.0 = Debug|Any CPU
		{155BB794-730A-44C8-96DB-1DA5C7C75876}.Debug|x86.ActiveCfg = Debug|Any CPU
		{155BB794-730A-44C8-96DB-1DA5C7C75876}.Debug|x86.Build.0 = Debug|Any CPU
		{155BB794-730A-44C8-96DB-1DA5C7C75876}.Release|Any CPU.ActiveCfg = Release|Any CPU
		{155BB794-730A-44C8-96DB-1DA5C7C75876}.Release|Any CPU.Build.0 = Release|Any CPU
		{155BB794-730A-44C8-96DB-1DA5C7C75876}.Release|x64.ActiveCfg = Release|Any CPU
		{155BB794-730A-44C8-96DB-1DA5C7C75876}.Release|x64.Build.0 = Release|Any CPU
		{155BB794-730A-44C8-96DB-1DA5C7C75876}.Release|x86.ActiveCfg = Release|Any CPU
		{155BB794-730A-44C8-96DB-1DA5C7C75876}.Release|x86.Build.0 = Release|Any CPU
		{4370F87A-DE90-4550-AD68-802DA71E0BE0}.Debug|Any CPU.ActiveCfg = Debug|Any CPU
		{4370F87A-DE90-4550-AD68-802DA71E0BE0}.Debug|Any CPU.Build.0 = Debug|Any CPU
		{4370F87A-DE90-4550-AD68-802DA71E0BE0}.Debug|x64.ActiveCfg = Debug|Any CPU
		{4370F87A-DE90-4550-AD68-802DA71E0BE0}.Debug|x64.Build.0 = Debug|Any CPU
		{4370F87A-DE90-4550-AD68-802DA71E0BE0}.Debug|x86.ActiveCfg = Debug|Any CPU
		{4370F87A-DE90-4550-AD68-802DA71E0BE0}.Debug|x86.Build.0 = Debug|Any CPU
		{4370F87A-DE90-4550-AD68-802DA71E0BE0}.Release|Any CPU.ActiveCfg = Release|Any CPU
		{4370F87A-DE90-4550-AD68-802DA71E0BE0}.Release|Any CPU.Build.0 = Release|Any CPU
		{4370F87A-DE90-4550-AD68-802DA71E0BE0}.Release|x64.ActiveCfg = Release|Any CPU
		{4370F87A-DE90-4550-AD68-802DA71E0BE0}.Release|x64.Build.0 = Release|Any CPU
		{4370F87A-DE90-4550-AD68-802DA71E0BE0}.Release|x86.ActiveCfg = Release|Any CPU
		{4370F87A-DE90-4550-AD68-802DA71E0BE0}.Release|x86.Build.0 = Release|Any CPU
		{971FAD40-1591-4568-A3CE-759020A4D59A}.Debug|Any CPU.ActiveCfg = Debug|Any CPU
		{971FAD40-1591-4568-A3CE-759020A4D59A}.Debug|Any CPU.Build.0 = Debug|Any CPU
		{971FAD40-1591-4568-A3CE-759020A4D59A}.Debug|x64.ActiveCfg = Debug|Any CPU
		{971FAD40-1591-4568-A3CE-759020A4D59A}.Debug|x64.Build.0 = Debug|Any CPU
		{971FAD40-1591-4568-A3CE-759020A4D59A}.Debug|x86.ActiveCfg = Debug|Any CPU
		{971FAD40-1591-4568-A3CE-759020A4D59A}.Debug|x86.Build.0 = Debug|Any CPU
		{971FAD40-1591-4568-A3CE-759020A4D59A}.Release|Any CPU.ActiveCfg = Release|Any CPU
		{971FAD40-1591-4568-A3CE-759020A4D59A}.Release|Any CPU.Build.0 = Release|Any CPU
		{971FAD40-1591-4568-A3CE-759020A4D59A}.Release|x64.ActiveCfg = Release|Any CPU
		{971FAD40-1591-4568-A3CE-759020A4D59A}.Release|x64.Build.0 = Release|Any CPU
		{971FAD40-1591-4568-A3CE-759020A4D59A}.Release|x86.ActiveCfg = Release|Any CPU
		{971FAD40-1591-4568-A3CE-759020A4D59A}.Release|x86.Build.0 = Release|Any CPU
		{1A22602D-B185-4FC5-A3D9-AAB7CD989CFB}.Debug|Any CPU.ActiveCfg = Debug|Any CPU
		{1A22602D-B185-4FC5-A3D9-AAB7CD989CFB}.Debug|Any CPU.Build.0 = Debug|Any CPU
		{1A22602D-B185-4FC5-A3D9-AAB7CD989CFB}.Debug|x64.ActiveCfg = Debug|Any CPU
		{1A22602D-B185-4FC5-A3D9-AAB7CD989CFB}.Debug|x64.Build.0 = Debug|Any CPU
		{1A22602D-B185-4FC5-A3D9-AAB7CD989CFB}.Debug|x86.ActiveCfg = Debug|Any CPU
		{1A22602D-B185-4FC5-A3D9-AAB7CD989CFB}.Debug|x86.Build.0 = Debug|Any CPU
		{1A22602D-B185-4FC5-A3D9-AAB7CD989CFB}.Release|Any CPU.ActiveCfg = Release|Any CPU
		{1A22602D-B185-4FC5-A3D9-AAB7CD989CFB}.Release|Any CPU.Build.0 = Release|Any CPU
		{1A22602D-B185-4FC5-A3D9-AAB7CD989CFB}.Release|x64.ActiveCfg = Release|Any CPU
		{1A22602D-B185-4FC5-A3D9-AAB7CD989CFB}.Release|x64.Build.0 = Release|Any CPU
		{1A22602D-B185-4FC5-A3D9-AAB7CD989CFB}.Release|x86.ActiveCfg = Release|Any CPU
		{1A22602D-B185-4FC5-A3D9-AAB7CD989CFB}.Release|x86.Build.0 = Release|Any CPU
		{8D21AEBE-8CEF-419C-9D71-15C1E9432789}.Debug|Any CPU.ActiveCfg = Debug|Any CPU
		{8D21AEBE-8CEF-419C-9D71-15C1E9432789}.Debug|Any CPU.Build.0 = Debug|Any CPU
		{8D21AEBE-8CEF-419C-9D71-15C1E9432789}.Debug|x64.ActiveCfg = Debug|Any CPU
		{8D21AEBE-8CEF-419C-9D71-15C1E9432789}.Debug|x64.Build.0 = Debug|Any CPU
		{8D21AEBE-8CEF-419C-9D71-15C1E9432789}.Debug|x86.ActiveCfg = Debug|Any CPU
		{8D21AEBE-8CEF-419C-9D71-15C1E9432789}.Debug|x86.Build.0 = Debug|Any CPU
		{8D21AEBE-8CEF-419C-9D71-15C1E9432789}.Release|Any CPU.ActiveCfg = Release|Any CPU
		{8D21AEBE-8CEF-419C-9D71-15C1E9432789}.Release|Any CPU.Build.0 = Release|Any CPU
		{8D21AEBE-8CEF-419C-9D71-15C1E9432789}.Release|x64.ActiveCfg = Release|Any CPU
		{8D21AEBE-8CEF-419C-9D71-15C1E9432789}.Release|x64.Build.0 = Release|Any CPU
		{8D21AEBE-8CEF-419C-9D71-15C1E9432789}.Release|x86.ActiveCfg = Release|Any CPU
		{8D21AEBE-8CEF-419C-9D71-15C1E9432789}.Release|x86.Build.0 = Release|Any CPU
		{4958D25A-0B5B-4005-9C10-B77E6CE59B2E}.Debug|Any CPU.ActiveCfg = Debug|Any CPU
		{4958D25A-0B5B-4005-9C10-B77E6CE59B2E}.Debug|Any CPU.Build.0 = Debug|Any CPU
		{4958D25A-0B5B-4005-9C10-B77E6CE59B2E}.Debug|x64.ActiveCfg = Debug|Any CPU
		{4958D25A-0B5B-4005-9C10-B77E6CE59B2E}.Debug|x64.Build.0 = Debug|Any CPU
		{4958D25A-0B5B-4005-9C10-B77E6CE59B2E}.Debug|x86.ActiveCfg = Debug|Any CPU
		{4958D25A-0B5B-4005-9C10-B77E6CE59B2E}.Debug|x86.Build.0 = Debug|Any CPU
		{4958D25A-0B5B-4005-9C10-B77E6CE59B2E}.Release|Any CPU.ActiveCfg = Release|Any CPU
		{4958D25A-0B5B-4005-9C10-B77E6CE59B2E}.Release|Any CPU.Build.0 = Release|Any CPU
		{4958D25A-0B5B-4005-9C10-B77E6CE59B2E}.Release|x64.ActiveCfg = Release|Any CPU
		{4958D25A-0B5B-4005-9C10-B77E6CE59B2E}.Release|x64.Build.0 = Release|Any CPU
		{4958D25A-0B5B-4005-9C10-B77E6CE59B2E}.Release|x86.ActiveCfg = Release|Any CPU
		{4958D25A-0B5B-4005-9C10-B77E6CE59B2E}.Release|x86.Build.0 = Release|Any CPU
		{C50C28DE-5CE6-402A-B6EA-BBE083FAE105}.Debug|Any CPU.ActiveCfg = Debug|Any CPU
		{C50C28DE-5CE6-402A-B6EA-BBE083FAE105}.Debug|Any CPU.Build.0 = Debug|Any CPU
		{C50C28DE-5CE6-402A-B6EA-BBE083FAE105}.Debug|x64.ActiveCfg = Debug|Any CPU
		{C50C28DE-5CE6-402A-B6EA-BBE083FAE105}.Debug|x64.Build.0 = Debug|Any CPU
		{C50C28DE-5CE6-402A-B6EA-BBE083FAE105}.Debug|x86.ActiveCfg = Debug|Any CPU
		{C50C28DE-5CE6-402A-B6EA-BBE083FAE105}.Debug|x86.Build.0 = Debug|Any CPU
		{C50C28DE-5CE6-402A-B6EA-BBE083FAE105}.Release|Any CPU.ActiveCfg = Release|Any CPU
		{C50C28DE-5CE6-402A-B6EA-BBE083FAE105}.Release|Any CPU.Build.0 = Release|Any CPU
		{C50C28DE-5CE6-402A-B6EA-BBE083FAE105}.Release|x64.ActiveCfg = Release|Any CPU
		{C50C28DE-5CE6-402A-B6EA-BBE083FAE105}.Release|x64.Build.0 = Release|Any CPU
		{C50C28DE-5CE6-402A-B6EA-BBE083FAE105}.Release|x86.ActiveCfg = Release|Any CPU
		{C50C28DE-5CE6-402A-B6EA-BBE083FAE105}.Release|x86.Build.0 = Release|Any CPU
	EndGlobalSection
	GlobalSection(SolutionProperties) = preSolution
		HideSolutionNode = FALSE
	EndGlobalSection
	GlobalSection(NestedProjects) = preSolution
		{D3F710AD-EA6A-4A4A-8999-1934DC894D42} = {D1288C5A-919C-48FF-AB74-9B4553BF480C}
		{C31E81A5-59B5-4F43-A714-9FEC1294CF78} = {D1288C5A-919C-48FF-AB74-9B4553BF480C}
		{971FAD40-1591-4568-A3CE-759020A4D59A} = {6932D105-BBE9-42CD-B028-6BB29FA7A90A}
		{1A22602D-B185-4FC5-A3D9-AAB7CD989CFB} = {6932D105-BBE9-42CD-B028-6BB29FA7A90A}
		{8D21AEBE-8CEF-419C-9D71-15C1E9432789} = {6932D105-BBE9-42CD-B028-6BB29FA7A90A}
		{4958D25A-0B5B-4005-9C10-B77E6CE59B2E} = {6932D105-BBE9-42CD-B028-6BB29FA7A90A}
		{C50C28DE-5CE6-402A-B6EA-BBE083FAE105} = {6932D105-BBE9-42CD-B028-6BB29FA7A90A}
	EndGlobalSection
	GlobalSection(ExtensibilityGlobals) = postSolution
		SolutionGuid = {246DCB1F-8C1F-4092-94C9-54439BAAE771}
	EndGlobalSection
EndGlobal
